
Microsoft Visual Studio Solution File, Format Version 12.00
# Visual Studio Version 16
VisualStudioVersion = 16.0.30517.126
MinimumVisualStudioVersion = 10.0.40219.1
Project("{D954291E-2A0B-460D-934E-DC6B0785DB48}") = "RottenApples.Shared", "RottenApples\RottenApples.Shared.shproj", "{D98BC6DB-3DD8-45CD-BE3F-183B885E845C}"
EndProject
Project("{FAE04EC0-301F-11D3-BF4B-00C04F79EFBC}") = "RottenApples.Android", "RottenApples.Android\RottenApples.Android.csproj", "{D5FF3AAE-0DCA-48D6-815B-F31F5EE67BC5}"
EndProject
Global
	GlobalSection(SharedMSBuildProjectFiles) = preSolution
		RottenApples\RottenApples.projitems*{d5ff3aae-0dca-48d6-815b-f31f5ee67bc5}*SharedItemsImports = 4
		RottenApples\RottenApples.projitems*{d98bc6db-3dd8-45cd-be3f-183b885e845c}*SharedItemsImports = 13
	EndGlobalSection
	GlobalSection(SolutionConfigurationPlatforms) = preSolution
		Debug|Any CPU = Debug|Any CPU
		Release|Any CPU = Release|Any CPU
	EndGlobalSection
	GlobalSection(ProjectConfigurationPlatforms) = postSolution
		{D5FF3AAE-0DCA-48D6-815B-F31F5EE67BC5}.Debug|Any CPU.ActiveCfg = Debug|Any CPU
		{D5FF3AAE-0DCA-48D6-815B-F31F5EE67BC5}.Debug|Any CPU.Build.0 = Debug|Any CPU
		{D5FF3AAE-0DCA-48D6-815B-F31F5EE67BC5}.Debug|Any CPU.Deploy.0 = Debug|Any CPU
		{D5FF3AAE-0DCA-48D6-815B-F31F5EE67BC5}.Release|Any CPU.ActiveCfg = Release|Any CPU
		{D5FF3AAE-0DCA-48D6-815B-F31F5EE67BC5}.Release|Any CPU.Build.0 = Release|Any CPU
		{D5FF3AAE-0DCA-48D6-815B-F31F5EE67BC5}.Release|Any CPU.Deploy.0 = Release|Any CPU
	EndGlobalSection
	GlobalSection(SolutionProperties) = preSolution
		HideSolutionNode = FALSE
	EndGlobalSection
	GlobalSection(ExtensibilityGlobals) = postSolution
		SolutionGuid = {7FD47D0B-BC35-44FA-B03F-E682DDB87DA8}
	EndGlobalSection
EndGlobal
